<?xml version="1.0" encoding="utf-8"?>
<Project ToolsVersion="4.0" xmlns="http://schemas.microsoft.com/developer/msbuild/2003">
  <ItemGroup>
    <Filter Include="Source Files">
      <UniqueIdentifier>{4FC737F1-C7A5-4376-A066-2A32D752A2FF}</UniqueIdentifier>
      <Extensions>cpp;c;cc;cxx;def;odl;idl;hpj;bat;asm;asmx</Extensions>
    </Filter>
    <Filter Include="Header Files">
      <UniqueIdentifier>{93995380-89BD-4b04-88EB-625FBE52EBFB}</UniqueIdentifier>
      <Extensions>h;hh;hpp;hxx;hm;inl;inc;xsd</Extensions>
    </Filter>
    <Filter Include="Resource Files">
      <UniqueIdentifier>{67DA6AB6-F800-4c08-8B7A-83BB121AAD01}</UniqueIdentifier>
      <Extensions>rc;ico;cur;bmp;dlg;rc2;rct;bin;rgs;gif;jpg;jpeg;jpe;resx;tiff;tif;png;wav;mfcribbon-ms</Extensions>
    </Filter>
    <Filter Include="Source Files\third">
      <UniqueIdentifier>{6663d6ca-e12f-4e66-81f9-36514c1c952b}</UniqueIdentifier>
    </Filter>
    <Filter Include="Source Files\third\tinyxml2">
      <UniqueIdentifier>{a763f5b0-f413-4198-a700-dfdf9fb1e2f7}</UniqueIdentifier>
    </Filter>
    <Filter Include="Source Files\crypto">
      <UniqueIdentifier>{389cc940-1495-4569-bc37-c01bc9d0aa7a}</UniqueIdentifier>
    </Filter>
    <Filter Include="Source Files\misc">
      <UniqueIdentifier>{131f65c2-ab24-4764-adcc-a74481c63e60}</UniqueIdentifier>
    </Filter>
  </ItemGroup>
  <ItemGroup>
    <ClCompile Include="..\..\src\accesskey.cpp">
      <Filter>Source Files</Filter>
    </ClCompile>
    <ClCompile Include="..\..\src\main.cpp">
      <Filter>Source Files</Filter>
    </ClCompile>
    <ClCompile Include="..\..\src\service.cpp">
      <Filter>Source Files</Filter>
    </ClCompile>
    <ClCompile Include="..\..\src\signature.cpp">
      <Filter>Source Files</Filter>
    </ClCompile>
    <ClCompile Include="..\..\src\third\tinyxml2\tinyxml2.cpp">
      <Filter>Source Files\third\tinyxml2</Filter>
    </ClCompile>
    <ClCompile Include="..\..\src\crypto\base64_encode.c">
      <Filter>Source Files\crypto</Filter>
    </ClCompile>
    <ClCompile Include="..\..\src\crypto\crypto.cpp">
      <Filter>Source Files\crypto</Filter>
    </ClCompile>
    <ClCompile Include="..\..\src\crypto\hmac_sha1.c">
      <Filter>Source Files\crypto</Filter>
    </ClCompile>
    <ClCompile Include="..\..\src\crypto\md5.c">
      <Filter>Source Files\crypto</Filter>
    </ClCompile>
    <ClCompile Include="..\..\src\crypto\sha1.c">
      <Filter>Source Files\crypto</Filter>
    </ClCompile>
    <ClCompile Include="..\..\src\misc\stream.cpp">
      <Filter>Source Files\misc</Filter>
    </ClCompile>
    <ClCompile Include="..\..\src\socket.cpp">
      <Filter>Source Files</Filter>
    </ClCompile>
    <ClCompile Include="..\..\src\misc\time.cpp">
      <Filter>Source Files\misc</Filter>
    </ClCompile>
    <ClCompile Include="..\..\src\bucket.cpp">
      <Filter>Source Files</Filter>
    </ClCompile>
    <ClCompile Include="..\..\src\ossmeta.cpp">
      <Filter>Source Files</Filter>
    </ClCompile>
    <ClCompile Include="..\..\src\osserror.cpp">
      <Filter>Source Files</Filter>
    </ClCompile>
    <ClCompile Include="..\..\src\misc\color_term.cpp">
      <Filter>Source Files\misc</Filter>
    </ClCompile>
  </ItemGroup>
  <ItemGroup>
    <ClInclude Include="..\..\src\accesskey.h">
      <Filter>Source Files</Filter>
    </ClInclude>
    <ClInclude Include="..\..\src\service.h">
      <Filter>Source Files</Filter>
    </ClInclude>
    <ClInclude Include="..\..\src\signature.h">
      <Filter>Source Files</Filter>
    </ClInclude>
    <ClInclude Include="..\..\src\third\tinyxml2\tinyxml2.h">
      <Filter>Source Files\third\tinyxml2</Filter>
    </ClInclude>
    <ClInclude Include="..\..\src\crypto\base64_encode.h">
      <Filter>Source Files\crypto</Filter>
    </ClInclude>
    <ClInclude Include="..\..\src\crypto\crypto.h">
      <Filter>Source Files\crypto</Filter>
    </ClInclude>
    <ClInclude Include="..\..\src\crypto\hmac_sha1.h">
      <Filter>Source Files\crypto</Filter>
    </ClInclude>
    <ClInclude Include="..\..\src\crypto\md5.h">
      <Filter>Source Files\crypto</Filter>
    </ClInclude>
    <ClInclude Include="..\..\src\crypto\sha1.h">
      <Filter>Source Files\crypto</Filter>
    </ClInclude>
    <ClInclude Include="..\..\src\misc\stream.h">
      <Filter>Source Files\misc</Filter>
    </ClInclude>
    <ClInclude Include="..\..\src\socket.h">
      <Filter>Source Files</Filter>
    </ClInclude>
    <ClInclude Include="..\..\src\misc\time.h">
      <Filter>Source Files\misc</Filter>
    </ClInclude>
    <ClInclude Include="..\..\src\bucket.h">
      <Filter>Source Files</Filter>
    </ClInclude>
    <ClInclude Include="..\..\src\ossmeta.h">
      <Filter>Source Files</Filter>
    </ClInclude>
    <ClInclude Include="..\..\src\osserror.h">
      <Filter>Source Files</Filter>
    </ClInclude>
    <ClInclude Include="..\..\src\misc\color_term.h">
      <Filter>Source Files\misc</Filter>
    </ClInclude>
  </ItemGroup>
</Project>